
Microsoft Visual Studio Solution File, Format Version 12.00
# Visual Studio 2012
Project("{FAE04EC0-301F-11D3-BF4B-00C04F79EFBC}") = "L2TStreamParser", "L2TStreamParser\L2TStreamParser.csproj", "{1D664C88-6C94-4E18-8B0A-1BA55F722D08}"
EndProject
Project("{FAE04EC0-301F-11D3-BF4B-00C04F79EFBC}") = "L2TStreamParser.Test", "L2TStreamParser.Test\L2TStreamParser.Test.csproj", "{E6E58851-A401-4EFC-A84B-5D5507B4288C}"
EndProject
Global
	GlobalSection(SolutionConfigurationPlatforms) = preSolution
		Debug|Any CPU = Debug|Any CPU
		Release|Any CPU = Release|Any CPU
	EndGlobalSection
	GlobalSection(ProjectConfigurationPlatforms) = postSolution
		{1D664C88-6C94-4E18-8B0A-1BA55F722D08}.Debug|Any CPU.ActiveCfg = Debug|Any CPU
		{1D664C88-6C94-4E18-8B0A-1BA55F722D08}.Debug|Any CPU.Build.0 = Debug|Any CPU
		{1D664C88-6C94-4E18-8B0A-1BA55F722D08}.Release|Any CPU.ActiveCfg = Release|Any CPU
		{1D664C88-6C94-4E18-8B0A-1BA55F722D08}.Release|Any CPU.Build.0 = Release|Any CPU
		{E6E58851-A401-4EFC-A84B-5D5507B4288C}.Debug|Any CPU.ActiveCfg = Debug|Any CPU
		{E6E58851-A401-4EFC-A84B-5D5507B4288C}.Debug|Any CPU.Build.0 = Debug|Any CPU
		{E6E58851-A401-4EFC-A84B-5D5507B4288C}.Release|Any CPU.ActiveCfg = Release|Any CPU
		{E6E58851-A401-4EFC-A84B-5D5507B4288C}.Release|Any CPU.Build.0 = Release|Any CPU
	EndGlobalSection
	GlobalSection(SolutionProperties) = preSolution
		HideSolutionNode = FALSE
	EndGlobalSection
EndGlobal
